
Microsoft Visual Studio Solution File, Format Version 12.00
# Visual Studio Version 17
VisualStudioVersion = 17.3.32804.467
MinimumVisualStudioVersion = 10.0.40219.1
Project("{888888A0-9F3D-457C-B088-3A5042F75D52}") = "models_GUI", "models_GUI.pyproj", "{DD4164AA-CF01-4D36-8A96-0E9E03D51EE3}"
EndProject
Global
	GlobalSection(SolutionConfigurationPlatforms) = preSolution
		Debug|Any CPU = Debug|Any CPU
		Release|Any CPU = Release|Any CPU
	EndGlobalSection
	GlobalSection(ProjectConfigurationPlatforms) = postSolution
		{DD4164AA-CF01-4D36-8A96-0E9E03D51EE3}.Debug|Any CPU.ActiveCfg = Debug|Any CPU
		{DD4164AA-CF01-4D36-8A96-0E9E03D51EE3}.Release|Any CPU.ActiveCfg = Release|Any CPU
	EndGlobalSection
	GlobalSection(SolutionProperties) = preSolution
		HideSolutionNode = FALSE
	EndGlobalSection
	GlobalSection(ExtensibilityGlobals) = postSolution
		SolutionGuid = {E433ED3D-5329-4632-9DA4-59659E4AA3AC}
	EndGlobalSection
EndGlobal
